
Microsoft Visual Studio Solution File, Format Version 12.00
# Visual Studio Version 17
VisualStudioVersion = 17.9.34407.89
MinimumVisualStudioVersion = 10.0.40219.1
Project("{2150E333-8FDC-42A3-9474-1A3956D46DE8}") = "api-versioning", "api-versioning", "{354EA969-C60E-41F8-9A04-168EBD39B433}"
EndProject
Project("{9A19103F-16F7-4668-BE54-9A1E7A4F7556}") = "ApiVersioningControllerSample", "api-versioning\ApiVersioningControllerSample\ApiVersioningControllerSample.csproj", "{192C8F39-3F2C-497E-8C88-17BC1B02453D}"
EndProject
Project("{2150E333-8FDC-42A3-9474-1A3956D46DE8}") = "rabbitmq-sample", "rabbitmq-sample", "{367D2A95-F46F-4EFF-95D4-21E6A86E2E49}"
EndProject
Project("{FAE04EC0-301F-11D3-BF4B-00C04F79EFBC}") = "Publisher", "rabbitmq-sample\Publisher\Publisher.csproj", "{6D2CDCF3-A384-4810-8C60-53961576B718}"
EndProject
Project("{FAE04EC0-301F-11D3-BF4B-00C04F79EFBC}") = "Consumer", "rabbitmq-sample\Consumer\Consumer.csproj", "{CD4DFE42-54C6-4A74-A673-B43287194AE0}"
EndProject
Global
	GlobalSection(SolutionConfigurationPlatforms) = preSolution
		Debug|Any CPU = Debug|Any CPU
		Release|Any CPU = Release|Any CPU
	EndGlobalSection
	GlobalSection(ProjectConfigurationPlatforms) = postSolution
		{192C8F39-3F2C-497E-8C88-17BC1B02453D}.Debug|Any CPU.ActiveCfg = Debug|Any CPU
		{192C8F39-3F2C-497E-8C88-17BC1B02453D}.Debug|Any CPU.Build.0 = Debug|Any CPU
		{192C8F39-3F2C-497E-8C88-17BC1B02453D}.Release|Any CPU.ActiveCfg = Release|Any CPU
		{192C8F39-3F2C-497E-8C88-17BC1B02453D}.Release|Any CPU.Build.0 = Release|Any CPU
		{6D2CDCF3-A384-4810-8C60-53961576B718}.Debug|Any CPU.ActiveCfg = Debug|Any CPU
		{6D2CDCF3-A384-4810-8C60-53961576B718}.Debug|Any CPU.Build.0 = Debug|Any CPU
		{6D2CDCF3-A384-4810-8C60-53961576B718}.Release|Any CPU.ActiveCfg = Release|Any CPU
		{6D2CDCF3-A384-4810-8C60-53961576B718}.Release|Any CPU.Build.0 = Release|Any CPU
		{CD4DFE42-54C6-4A74-A673-B43287194AE0}.Debug|Any CPU.ActiveCfg = Debug|Any CPU
		{CD4DFE42-54C6-4A74-A673-B43287194AE0}.Debug|Any CPU.Build.0 = Debug|Any CPU
		{CD4DFE42-54C6-4A74-A673-B43287194AE0}.Release|Any CPU.ActiveCfg = Release|Any CPU
		{CD4DFE42-54C6-4A74-A673-B43287194AE0}.Release|Any CPU.Build.0 = Release|Any CPU
	EndGlobalSection
	GlobalSection(SolutionProperties) = preSolution
		HideSolutionNode = FALSE
	EndGlobalSection
	GlobalSection(NestedProjects) = preSolution
		{192C8F39-3F2C-497E-8C88-17BC1B02453D} = {354EA969-C60E-41F8-9A04-168EBD39B433}
		{6D2CDCF3-A384-4810-8C60-53961576B718} = {367D2A95-F46F-4EFF-95D4-21E6A86E2E49}
		{CD4DFE42-54C6-4A74-A673-B43287194AE0} = {367D2A95-F46F-4EFF-95D4-21E6A86E2E49}
	EndGlobalSection
	GlobalSection(ExtensibilityGlobals) = postSolution
		SolutionGuid = {7FAE317F-94F6-4992-BDA3-E7F5AB6E033A}
	EndGlobalSection
EndGlobal
